{
  "pins" : [
    {
      "identity" : "html2markdown",
      "kind" : "remoteSourceControl",
      "location" : "https://gitlab.com/mflint/HTML2Markdown",
      "state" : {
        "revision" : "00d7a9744bbd1e7762c587bbd248775e16345a65",
        "version" : "1.0.0"
      }
    },
    {
      "identity" : "nuke",
      "kind" : "remoteSourceControl",
      "location" : "https://github.com/kean/Nuke",
      "state" : {
        "revision" : "2e9337168d08acccf72c039bf9324be24a1cf7d7",
        "version" : "11.5.3"
      }
    }
  ],
  "version" : 2
}
