{
  "pins" : [
    {
      "identity" : "graphicsrenderer",
      "kind" : "remoteSourceControl",
      "location" : "https://github.com/shaps80/GraphicsRenderer",
      "state" : {
        "revision" : "fa9b28096ea13eb59333a02d616244482ad6039f",
        "version" : "1.4.4"
      }
    },
    {
      "identity" : "nuke",
      "kind" : "remoteSourceControl",
      "location" : "https://github.com/kean/Nuke",
      "state" : {
        "revision" : "1694798e876113d44f6ec6ead965d7286695981d",
        "version" : "12.2.0"
      }
    },
    {
      "identity" : "swift-snapshot-testing",
      "kind" : "remoteSourceControl",
      "location" : "https://github.com/pointfreeco/swift-snapshot-testing",
      "state" : {
        "branch" : "async",
        "revision" : "7de6fa587c7fa38e435186e124f1d8c11d36ceb3"
      }
    },
    {
      "identity" : "swift-syntax",
      "kind" : "remoteSourceControl",
      "location" : "https://github.com/apple/swift-syntax.git",
      "state" : {
        "revision" : "6ad4ea24b01559dde0773e3d091f1b9e36175036",
        "version" : "509.0.2"
      }
    }
  ],
  "version" : 2
}
