// !$*UTF8*$!
{
	archiveVersion = 1;
	classes = {
	};
	objectVersion = 60;
	objects = {

/* Begin PBXBuildFile section */
		631ECE592B6F933B0051E3CB /* GraphicsRenderer in Frameworks */ = {isa = PBXBuildFile; productRef = 631ECE582B6F933B0051E3CB /* GraphicsRenderer */; };
		631ECE5B2B6FA2B10051E3CB /* LocalEmojiView.swift in Sources */ = {isa = PBXBuildFile; fileRef = 631ECE5A2B6FA2B10051E3CB /* LocalEmojiView.swift */; };
		6334D1E62B33B4B500E9D8DE /* TestApp.swift in Sources */ = {isa = PBXBuildFile; fileRef = 6334D1E52B33B4B500E9D8DE /* TestApp.swift */; };
		6334D1E82B33B4B500E9D8DE /* ContentView.swift in Sources */ = {isa = PBXBuildFile; fileRef = 6334D1E72B33B4B500E9D8DE /* ContentView.swift */; };
		6334D1EA2B33B4B600E9D8DE /* Assets.xcassets in Resources */ = {isa = PBXBuildFile; fileRef = 6334D1E92B33B4B600E9D8DE /* Assets.xcassets */; };
		6334D1EE2B33B4B600E9D8DE /* Preview Assets.xcassets in Resources */ = {isa = PBXBuildFile; fileRef = 6334D1ED2B33B4B600E9D8DE /* Preview Assets.xcassets */; };
		6334D2122B33B4DF00E9D8DE /* SnapshotTesting in Frameworks */ = {isa = PBXBuildFile; productRef = 6334D2112B33B4DF00E9D8DE /* SnapshotTesting */; };
		6334D21B2B33B51B00E9D8DE /* EmojiText in Frameworks */ = {isa = PBXBuildFile; productRef = 6334D21A2B33B51B00E9D8DE /* EmojiText */; };
		6334D2222B33B64F00E9D8DE /* AnimatedEmojiView.swift in Sources */ = {isa = PBXBuildFile; fileRef = 6334D21C2B33B64F00E9D8DE /* AnimatedEmojiView.swift */; };
		6334D2232B33B64F00E9D8DE /* EmojiTestView.swift in Sources */ = {isa = PBXBuildFile; fileRef = 6334D21D2B33B64F00E9D8DE /* EmojiTestView.swift */; };
		6334D2252B33B64F00E9D8DE /* RemoteEmojiView.swift in Sources */ = {isa = PBXBuildFile; fileRef = 6334D21F2B33B64F00E9D8DE /* RemoteEmojiView.swift */; };
		6334D2262B33B64F00E9D8DE /* ChangingRemoteEmojiView.swift in Sources */ = {isa = PBXBuildFile; fileRef = 6334D2202B33B64F00E9D8DE /* ChangingRemoteEmojiView.swift */; };
		6334D2272B33B64F00E9D8DE /* SFSymbolEmojiView.swift in Sources */ = {isa = PBXBuildFile; fileRef = 6334D2212B33B64F00E9D8DE /* SFSymbolEmojiView.swift */; };
		6334D2312B33B6DC00E9D8DE /* EmojiTextTests.swift in Sources */ = {isa = PBXBuildFile; fileRef = 6334D22D2B33B6DC00E9D8DE /* EmojiTextTests.swift */; };
		6334D2342B33B6DC00E9D8DE /* Emojis.swift in Sources */ = {isa = PBXBuildFile; fileRef = 6334D2302B33B6DC00E9D8DE /* Emojis.swift */; };
		6334D2362B33B78D00E9D8DE /* Snapshotting+Extensions.swift in Sources */ = {isa = PBXBuildFile; fileRef = 6334D2352B33B78D00E9D8DE /* Snapshotting+Extensions.swift */; };
		6352F9C62C44177C003ABABC /* URLSessionEmojiProvider.swift in Sources */ = {isa = PBXBuildFile; fileRef = 6352F9C52C44177C003ABABC /* URLSessionEmojiProvider.swift */; };
		6352F9C92C441A68003ABABC /* UpsideDownEmojiProvider.swift in Sources */ = {isa = PBXBuildFile; fileRef = 6352F9C82C441A68003ABABC /* UpsideDownEmojiProvider.swift */; };
		6353366B2B6852B5004E4DD2 /* HTML2Markdown in Frameworks */ = {isa = PBXBuildFile; productRef = 6353366A2B6852B5004E4DD2 /* HTML2Markdown */; };
		639F664C2B63ED4D00B7F747 /* DTOs.swift in Sources */ = {isa = PBXBuildFile; fileRef = 639F66492B63ED4D00B7F747 /* DTOs.swift */; };
		639F664D2B63ED4D00B7F747 /* MastodonAPI.swift in Sources */ = {isa = PBXBuildFile; fileRef = 639F664A2B63ED4D00B7F747 /* MastodonAPI.swift */; };
		639F664E2B63ED4D00B7F747 /* MastodonView.swift in Sources */ = {isa = PBXBuildFile; fileRef = 639F664B2B63ED4D00B7F747 /* MastodonView.swift */; };
/* End PBXBuildFile section */

/* Begin PBXContainerItemProxy section */
		6334D1F42B33B4B600E9D8DE /* PBXContainerItemProxy */ = {
			isa = PBXContainerItemProxy;
			containerPortal = 6334D1DA2B33B4B500E9D8DE /* Project object */;
			proxyType = 1;
			remoteGlobalIDString = 6334D1E12B33B4B500E9D8DE;
			remoteInfo = Test;
		};
/* End PBXContainerItemProxy section */

/* Begin PBXFileReference section */
		631ECE5A2B6FA2B10051E3CB /* LocalEmojiView.swift */ = {isa = PBXFileReference; lastKnownFileType = sourcecode.swift; path = LocalEmojiView.swift; sourceTree = "<group>"; };
		6334D1E22B33B4B500E9D8DE /* Test.app */ = {isa = PBXFileReference; explicitFileType = wrapper.application; includeInIndex = 0; path = Test.app; sourceTree = BUILT_PRODUCTS_DIR; };
		6334D1E52B33B4B500E9D8DE /* TestApp.swift */ = {isa = PBXFileReference; lastKnownFileType = sourcecode.swift; path = TestApp.swift; sourceTree = "<group>"; };
		6334D1E72B33B4B500E9D8DE /* ContentView.swift */ = {isa = PBXFileReference; lastKnownFileType = sourcecode.swift; path = ContentView.swift; sourceTree = "<group>"; };
		6334D1E92B33B4B600E9D8DE /* Assets.xcassets */ = {isa = PBXFileReference; lastKnownFileType = folder.assetcatalog; path = Assets.xcassets; sourceTree = "<group>"; };
		6334D1EB2B33B4B600E9D8DE /* Test.entitlements */ = {isa = PBXFileReference; lastKnownFileType = text.plist.entitlements; path = Test.entitlements; sourceTree = "<group>"; };
		6334D1ED2B33B4B600E9D8DE /* Preview Assets.xcassets */ = {isa = PBXFileReference; lastKnownFileType = folder.assetcatalog; path = "Preview Assets.xcassets"; sourceTree = "<group>"; };
		6334D1F32B33B4B600E9D8DE /* SnapshotTests.xctest */ = {isa = PBXFileReference; explicitFileType = wrapper.cfbundle; includeInIndex = 0; path = SnapshotTests.xctest; sourceTree = BUILT_PRODUCTS_DIR; };
		6334D21C2B33B64F00E9D8DE /* AnimatedEmojiView.swift */ = {isa = PBXFileReference; fileEncoding = 4; lastKnownFileType = sourcecode.swift; path = AnimatedEmojiView.swift; sourceTree = "<group>"; };
		6334D21D2B33B64F00E9D8DE /* EmojiTestView.swift */ = {isa = PBXFileReference; fileEncoding = 4; lastKnownFileType = sourcecode.swift; path = EmojiTestView.swift; sourceTree = "<group>"; };
		6334D21F2B33B64F00E9D8DE /* RemoteEmojiView.swift */ = {isa = PBXFileReference; fileEncoding = 4; lastKnownFileType = sourcecode.swift; path = RemoteEmojiView.swift; sourceTree = "<group>"; };
		6334D2202B33B64F00E9D8DE /* ChangingRemoteEmojiView.swift */ = {isa = PBXFileReference; fileEncoding = 4; lastKnownFileType = sourcecode.swift; path = ChangingRemoteEmojiView.swift; sourceTree = "<group>"; };
		6334D2212B33B64F00E9D8DE /* SFSymbolEmojiView.swift */ = {isa = PBXFileReference; fileEncoding = 4; lastKnownFileType = sourcecode.swift; path = SFSymbolEmojiView.swift; sourceTree = "<group>"; };
		6334D22D2B33B6DC00E9D8DE /* EmojiTextTests.swift */ = {isa = PBXFileReference; fileEncoding = 4; lastKnownFileType = sourcecode.swift; path = EmojiTextTests.swift; sourceTree = "<group>"; };
		6334D2302B33B6DC00E9D8DE /* Emojis.swift */ = {isa = PBXFileReference; fileEncoding = 4; lastKnownFileType = sourcecode.swift; path = Emojis.swift; sourceTree = "<group>"; };
		6334D2352B33B78D00E9D8DE /* Snapshotting+Extensions.swift */ = {isa = PBXFileReference; fileEncoding = 4; lastKnownFileType = sourcecode.swift; path = "Snapshotting+Extensions.swift"; sourceTree = "<group>"; };
		6334D23B2B33BD5800E9D8DE /* SnapshotTests.xctestplan */ = {isa = PBXFileReference; lastKnownFileType = text; name = SnapshotTests.xctestplan; path = Tests/SnapshotTests.xctestplan; sourceTree = "<group>"; };
		6352F9C52C44177C003ABABC /* URLSessionEmojiProvider.swift */ = {isa = PBXFileReference; lastKnownFileType = sourcecode.swift; path = URLSessionEmojiProvider.swift; sourceTree = "<group>"; };
		6352F9C82C441A68003ABABC /* UpsideDownEmojiProvider.swift */ = {isa = PBXFileReference; lastKnownFileType = sourcecode.swift; path = UpsideDownEmojiProvider.swift; sourceTree = "<group>"; };
		639F66492B63ED4D00B7F747 /* DTOs.swift */ = {isa = PBXFileReference; fileEncoding = 4; lastKnownFileType = sourcecode.swift; name = DTOs.swift; path = App/Mastodon/DTOs.swift; sourceTree = SOURCE_ROOT; };
		639F664A2B63ED4D00B7F747 /* MastodonAPI.swift */ = {isa = PBXFileReference; fileEncoding = 4; lastKnownFileType = sourcecode.swift; name = MastodonAPI.swift; path = App/Mastodon/MastodonAPI.swift; sourceTree = SOURCE_ROOT; };
		639F664B2B63ED4D00B7F747 /* MastodonView.swift */ = {isa = PBXFileReference; fileEncoding = 4; lastKnownFileType = sourcecode.swift; name = MastodonView.swift; path = App/Mastodon/MastodonView.swift; sourceTree = SOURCE_ROOT; };
/* End PBXFileReference section */

/* Begin PBXFrameworksBuildPhase section */
		6334D1DF2B33B4B500E9D8DE /* Frameworks */ = {
			isa = PBXFrameworksBuildPhase;
			buildActionMask = 2147483647;
			files = (
				6353366B2B6852B5004E4DD2 /* HTML2Markdown in Frameworks */,
				6334D21B2B33B51B00E9D8DE /* EmojiText in Frameworks */,
			);
			runOnlyForDeploymentPostprocessing = 0;
		};
		6334D1F02B33B4B600E9D8DE /* Frameworks */ = {
			isa = PBXFrameworksBuildPhase;
			buildActionMask = 2147483647;
			files = (
				631ECE592B6F933B0051E3CB /* GraphicsRenderer in Frameworks */,
				6334D2122B33B4DF00E9D8DE /* SnapshotTesting in Frameworks */,
			);
			runOnlyForDeploymentPostprocessing = 0;
		};
/* End PBXFrameworksBuildPhase section */

/* Begin PBXGroup section */
		631ECE572B6F933B0051E3CB /* Frameworks */ = {
			isa = PBXGroup;
			children = (
			);
			name = Frameworks;
			sourceTree = "<group>";
		};
		6334D1D92B33B4B500E9D8DE = {
			isa = PBXGroup;
			children = (
				6334D23B2B33BD5800E9D8DE /* SnapshotTests.xctestplan */,
				6334D1E42B33B4B500E9D8DE /* App */,
				6334D1F62B33B4B600E9D8DE /* Tests */,
				6334D1E32B33B4B500E9D8DE /* Products */,
				631ECE572B6F933B0051E3CB /* Frameworks */,
			);
			sourceTree = "<group>";
		};
		6334D1E32B33B4B500E9D8DE /* Products */ = {
			isa = PBXGroup;
			children = (
				6334D1E22B33B4B500E9D8DE /* Test.app */,
				6334D1F32B33B4B600E9D8DE /* SnapshotTests.xctest */,
			);
			name = Products;
			sourceTree = "<group>";
		};
		6334D1E42B33B4B500E9D8DE /* App */ = {
			isa = PBXGroup;
			children = (
				6352F9C72C441A59003ABABC /* Provider */,
				63932D9A2B64377200E193FB /* Mastodon */,
				6334D1E52B33B4B500E9D8DE /* TestApp.swift */,
				6334D1E72B33B4B500E9D8DE /* ContentView.swift */,
				6334D21C2B33B64F00E9D8DE /* AnimatedEmojiView.swift */,
				6334D2202B33B64F00E9D8DE /* ChangingRemoteEmojiView.swift */,
				6334D21D2B33B64F00E9D8DE /* EmojiTestView.swift */,
				6334D21F2B33B64F00E9D8DE /* RemoteEmojiView.swift */,
				6334D2212B33B64F00E9D8DE /* SFSymbolEmojiView.swift */,
				631ECE5A2B6FA2B10051E3CB /* LocalEmojiView.swift */,
				6334D1E92B33B4B600E9D8DE /* Assets.xcassets */,
				6334D1EB2B33B4B600E9D8DE /* Test.entitlements */,
				6334D1EC2B33B4B600E9D8DE /* Preview Content */,
			);
			path = App;
			sourceTree = "<group>";
		};
		6334D1EC2B33B4B600E9D8DE /* Preview Content */ = {
			isa = PBXGroup;
			children = (
				6334D1ED2B33B4B600E9D8DE /* Preview Assets.xcassets */,
			);
			path = "Preview Content";
			sourceTree = "<group>";
		};
		6334D1F62B33B4B600E9D8DE /* Tests */ = {
			isa = PBXGroup;
			children = (
				6334D2302B33B6DC00E9D8DE /* Emojis.swift */,
				6334D22D2B33B6DC00E9D8DE /* EmojiTextTests.swift */,
				6334D2352B33B78D00E9D8DE /* Snapshotting+Extensions.swift */,
			);
			path = Tests;
			sourceTree = "<group>";
		};
		6352F9C72C441A59003ABABC /* Provider */ = {
			isa = PBXGroup;
			children = (
				6352F9C52C44177C003ABABC /* URLSessionEmojiProvider.swift */,
				6352F9C82C441A68003ABABC /* UpsideDownEmojiProvider.swift */,
			);
			path = Provider;
			sourceTree = "<group>";
		};
		63932D9A2B64377200E193FB /* Mastodon */ = {
			isa = PBXGroup;
			children = (
				639F66492B63ED4D00B7F747 /* DTOs.swift */,
				639F664A2B63ED4D00B7F747 /* MastodonAPI.swift */,
				639F664B2B63ED4D00B7F747 /* MastodonView.swift */,
			);
			path = Mastodon;
			sourceTree = "<group>";
		};
/* End PBXGroup section */

/* Begin PBXNativeTarget section */
		6334D1E12B33B4B500E9D8DE /* Test */ = {
			isa = PBXNativeTarget;
			buildConfigurationList = 6334D2072B33B4B600E9D8DE /* Build configuration list for PBXNativeTarget "Test" */;
			buildPhases = (
				6334D1DE2B33B4B500E9D8DE /* Sources */,
				6334D1DF2B33B4B500E9D8DE /* Frameworks */,
				6334D1E02B33B4B500E9D8DE /* Resources */,
			);
			buildRules = (
			);
			dependencies = (
			);
			name = Test;
			packageProductDependencies = (
				6334D21A2B33B51B00E9D8DE /* EmojiText */,
				6353366A2B6852B5004E4DD2 /* HTML2Markdown */,
			);
			productName = Test;
			productReference = 6334D1E22B33B4B500E9D8DE /* Test.app */;
			productType = "com.apple.product-type.application";
		};
		6334D1F22B33B4B600E9D8DE /* SnapshotTests */ = {
			isa = PBXNativeTarget;
			buildConfigurationList = 6334D20A2B33B4B600E9D8DE /* Build configuration list for PBXNativeTarget "SnapshotTests" */;
			buildPhases = (
				6334D1EF2B33B4B600E9D8DE /* Sources */,
				6334D1F02B33B4B600E9D8DE /* Frameworks */,
				6334D1F12B33B4B600E9D8DE /* Resources */,
			);
			buildRules = (
			);
			dependencies = (
				6334D1F52B33B4B600E9D8DE /* PBXTargetDependency */,
			);
			name = SnapshotTests;
			packageProductDependencies = (
				6334D2112B33B4DF00E9D8DE /* SnapshotTesting */,
				631ECE582B6F933B0051E3CB /* GraphicsRenderer */,
			);
			productName = TestTests;
			productReference = 6334D1F32B33B4B600E9D8DE /* SnapshotTests.xctest */;
			productType = "com.apple.product-type.bundle.unit-test";
		};
/* End PBXNativeTarget section */

/* Begin PBXProject section */
		6334D1DA2B33B4B500E9D8DE /* Project object */ = {
			isa = PBXProject;
			attributes = {
				BuildIndependentTargetsInParallel = 1;
				LastSwiftUpdateCheck = 1510;
				LastUpgradeCheck = 1520;
				TargetAttributes = {
					6334D1E12B33B4B500E9D8DE = {
						CreatedOnToolsVersion = 15.1;
					};
					6334D1F22B33B4B600E9D8DE = {
						CreatedOnToolsVersion = 15.1;
						LastSwiftMigration = 1510;
						TestTargetID = 6334D1E12B33B4B500E9D8DE;
					};
				};
			};
			buildConfigurationList = 6334D1DD2B33B4B500E9D8DE /* Build configuration list for PBXProject "Test" */;
			compatibilityVersion = "Xcode 14.0";
			developmentRegion = en;
			hasScannedForEncodings = 0;
			knownRegions = (
				en,
				Base,
			);
			mainGroup = 6334D1D92B33B4B500E9D8DE;
			packageReferences = (
				6334D2102B33B4DF00E9D8DE /* XCRemoteSwiftPackageReference "swift-snapshot-testing" */,
				6334D2192B33B51B00E9D8DE /* XCLocalSwiftPackageReference ".." */,
				6334D2372B33B7AC00E9D8DE /* XCRemoteSwiftPackageReference "GraphicsRenderer" */,
				635336692B6852B5004E4DD2 /* XCRemoteSwiftPackageReference "HTML2Markdown" */,
			);
			productRefGroup = 6334D1E32B33B4B500E9D8DE /* Products */;
			projectDirPath = "";
			projectRoot = "";
			targets = (
				6334D1E12B33B4B500E9D8DE /* Test */,
				6334D1F22B33B4B600E9D8DE /* SnapshotTests */,
			);
		};
/* End PBXProject section */

/* Begin PBXResourcesBuildPhase section */
		6334D1E02B33B4B500E9D8DE /* Resources */ = {
			isa = PBXResourcesBuildPhase;
			buildActionMask = 2147483647;
			files = (
				6334D1EE2B33B4B600E9D8DE /* Preview Assets.xcassets in Resources */,
				6334D1EA2B33B4B600E9D8DE /* Assets.xcassets in Resources */,
			);
			runOnlyForDeploymentPostprocessing = 0;
		};
		6334D1F12B33B4B600E9D8DE /* Resources */ = {
			isa = PBXResourcesBuildPhase;
			buildActionMask = 2147483647;
			files = (
			);
			runOnlyForDeploymentPostprocessing = 0;
		};
/* End PBXResourcesBuildPhase section */

/* Begin PBXSourcesBuildPhase section */
		6334D1DE2B33B4B500E9D8DE /* Sources */ = {
			isa = PBXSourcesBuildPhase;
			buildActionMask = 2147483647;
			files = (
				6334D2272B33B64F00E9D8DE /* SFSymbolEmojiView.swift in Sources */,
				6352F9C62C44177C003ABABC /* URLSessionEmojiProvider.swift in Sources */,
				639F664D2B63ED4D00B7F747 /* MastodonAPI.swift in Sources */,
				6334D1E82B33B4B500E9D8DE /* ContentView.swift in Sources */,
				639F664E2B63ED4D00B7F747 /* MastodonView.swift in Sources */,
				6334D2252B33B64F00E9D8DE /* RemoteEmojiView.swift in Sources */,
				631ECE5B2B6FA2B10051E3CB /* LocalEmojiView.swift in Sources */,
				6334D2232B33B64F00E9D8DE /* EmojiTestView.swift in Sources */,
				6352F9C92C441A68003ABABC /* UpsideDownEmojiProvider.swift in Sources */,
				6334D2222B33B64F00E9D8DE /* AnimatedEmojiView.swift in Sources */,
				6334D1E62B33B4B500E9D8DE /* TestApp.swift in Sources */,
				6334D2262B33B64F00E9D8DE /* ChangingRemoteEmojiView.swift in Sources */,
				639F664C2B63ED4D00B7F747 /* DTOs.swift in Sources */,
			);
			runOnlyForDeploymentPostprocessing = 0;
		};
		6334D1EF2B33B4B600E9D8DE /* Sources */ = {
			isa = PBXSourcesBuildPhase;
			buildActionMask = 2147483647;
			files = (
				6334D2342B33B6DC00E9D8DE /* Emojis.swift in Sources */,
				6334D2312B33B6DC00E9D8DE /* EmojiTextTests.swift in Sources */,
				6334D2362B33B78D00E9D8DE /* Snapshotting+Extensions.swift in Sources */,
			);
			runOnlyForDeploymentPostprocessing = 0;
		};
/* End PBXSourcesBuildPhase section */

/* Begin PBXTargetDependency section */
		6334D1F52B33B4B600E9D8DE /* PBXTargetDependency */ = {
			isa = PBXTargetDependency;
			target = 6334D1E12B33B4B500E9D8DE /* Test */;
			targetProxy = 6334D1F42B33B4B600E9D8DE /* PBXContainerItemProxy */;
		};
/* End PBXTargetDependency section */

/* Begin XCBuildConfiguration section */
		6334D2052B33B4B600E9D8DE /* Debug */ = {
			isa = XCBuildConfiguration;
			buildSettings = {
				ALWAYS_SEARCH_USER_PATHS = NO;
				ASSETCATALOG_COMPILER_GENERATE_SWIFT_ASSET_SYMBOL_EXTENSIONS = YES;
				CLANG_ANALYZER_NONNULL = YES;
				CLANG_ANALYZER_NUMBER_OBJECT_CONVERSION = YES_AGGRESSIVE;
				CLANG_CXX_LANGUAGE_STANDARD = "gnu++20";
				CLANG_ENABLE_MODULES = YES;
				CLANG_ENABLE_OBJC_ARC = YES;
				CLANG_ENABLE_OBJC_WEAK = YES;
				CLANG_WARN_BLOCK_CAPTURE_AUTORELEASING = YES;
				CLANG_WARN_BOOL_CONVERSION = YES;
				CLANG_WARN_COMMA = YES;
				CLANG_WARN_CONSTANT_CONVERSION = YES;
				CLANG_WARN_DEPRECATED_OBJC_IMPLEMENTATIONS = YES;
				CLANG_WARN_DIRECT_OBJC_ISA_USAGE = YES_ERROR;
				CLANG_WARN_DOCUMENTATION_COMMENTS = YES;
				CLANG_WARN_EMPTY_BODY = YES;
				CLANG_WARN_ENUM_CONVERSION = YES;
				CLANG_WARN_INFINITE_RECURSION = YES;
				CLANG_WARN_INT_CONVERSION = YES;
				CLANG_WARN_NON_LITERAL_NULL_CONVERSION = YES;
				CLANG_WARN_OBJC_IMPLICIT_RETAIN_SELF = YES;
				CLANG_WARN_OBJC_LITERAL_CONVERSION = YES;
				CLANG_WARN_OBJC_ROOT_CLASS = YES_ERROR;
				CLANG_WARN_QUOTED_INCLUDE_IN_FRAMEWORK_HEADER = YES;
				CLANG_WARN_RANGE_LOOP_ANALYSIS = YES;
				CLANG_WARN_STRICT_PROTOTYPES = YES;
				CLANG_WARN_SUSPICIOUS_MOVE = YES;
				CLANG_WARN_UNGUARDED_AVAILABILITY = YES_AGGRESSIVE;
				CLANG_WARN_UNREACHABLE_CODE = YES;
				CLANG_WARN__DUPLICATE_METHOD_MATCH = YES;
				COPY_PHASE_STRIP = NO;
				DEAD_CODE_STRIPPING = YES;
				DEBUG_INFORMATION_FORMAT = dwarf;
				ENABLE_STRICT_OBJC_MSGSEND = YES;
				ENABLE_TESTABILITY = YES;
				ENABLE_USER_SCRIPT_SANDBOXING = YES;
				GCC_C_LANGUAGE_STANDARD = gnu17;
				GCC_DYNAMIC_NO_PIC = NO;
				GCC_NO_COMMON_BLOCKS = YES;
				GCC_OPTIMIZATION_LEVEL = 0;
				GCC_PREPROCESSOR_DEFINITIONS = (
					"DEBUG=1",
					"$(inherited)",
				);
				GCC_WARN_64_TO_32_BIT_CONVERSION = YES;
				GCC_WARN_ABOUT_RETURN_TYPE = YES_ERROR;
				GCC_WARN_UNDECLARED_SELECTOR = YES;
				GCC_WARN_UNINITIALIZED_AUTOS = YES_AGGRESSIVE;
				GCC_WARN_UNUSED_FUNCTION = YES;
				GCC_WARN_UNUSED_VARIABLE = YES;
				LOCALIZATION_PREFERS_STRING_CATALOGS = YES;
				MTL_ENABLE_DEBUG_INFO = INCLUDE_SOURCE;
				MTL_FAST_MATH = YES;
				ONLY_ACTIVE_ARCH = YES;
				SWIFT_ACTIVE_COMPILATION_CONDITIONS = "DEBUG $(inherited)";
				SWIFT_OPTIMIZATION_LEVEL = "-Onone";
			};
			name = Debug;
		};
		6334D2062B33B4B600E9D8DE /* Release */ = {
			isa = XCBuildConfiguration;
			buildSettings = {
				ALWAYS_SEARCH_USER_PATHS = NO;
				ASSETCATALOG_COMPILER_GENERATE_SWIFT_ASSET_SYMBOL_EXTENSIONS = YES;
				CLANG_ANALYZER_NONNULL = YES;
				CLANG_ANALYZER_NUMBER_OBJECT_CONVERSION = YES_AGGRESSIVE;
				CLANG_CXX_LANGUAGE_STANDARD = "gnu++20";
				CLANG_ENABLE_MODULES = YES;
				CLANG_ENABLE_OBJC_ARC = YES;
				CLANG_ENABLE_OBJC_WEAK = YES;
				CLANG_WARN_BLOCK_CAPTURE_AUTORELEASING = YES;
				CLANG_WARN_BOOL_CONVERSION = YES;
				CLANG_WARN_COMMA = YES;
				CLANG_WARN_CONSTANT_CONVERSION = YES;
				CLANG_WARN_DEPRECATED_OBJC_IMPLEMENTATIONS = YES;
				CLANG_WARN_DIRECT_OBJC_ISA_USAGE = YES_ERROR;
				CLANG_WARN_DOCUMENTATION_COMMENTS = YES;
				CLANG_WARN_EMPTY_BODY = YES;
				CLANG_WARN_ENUM_CONVERSION = YES;
				CLANG_WARN_INFINITE_RECURSION = YES;
				CLANG_WARN_INT_CONVERSION = YES;
				CLANG_WARN_NON_LITERAL_NULL_CONVERSION = YES;
				CLANG_WARN_OBJC_IMPLICIT_RETAIN_SELF = YES;
				CLANG_WARN_OBJC_LITERAL_CONVERSION = YES;
				CLANG_WARN_OBJC_ROOT_CLASS = YES_ERROR;
				CLANG_WARN_QUOTED_INCLUDE_IN_FRAMEWORK_HEADER = YES;
				CLANG_WARN_RANGE_LOOP_ANALYSIS = YES;
				CLANG_WARN_STRICT_PROTOTYPES = YES;
				CLANG_WARN_SUSPICIOUS_MOVE = YES;
				CLANG_WARN_UNGUARDED_AVAILABILITY = YES_AGGRESSIVE;
				CLANG_WARN_UNREACHABLE_CODE = YES;
				CLANG_WARN__DUPLICATE_METHOD_MATCH = YES;
				COPY_PHASE_STRIP = NO;
				DEAD_CODE_STRIPPING = YES;
				DEBUG_INFORMATION_FORMAT = "dwarf-with-dsym";
				ENABLE_NS_ASSERTIONS = NO;
				ENABLE_STRICT_OBJC_MSGSEND = YES;
				ENABLE_USER_SCRIPT_SANDBOXING = YES;
				GCC_C_LANGUAGE_STANDARD = gnu17;
				GCC_NO_COMMON_BLOCKS = YES;
				GCC_WARN_64_TO_32_BIT_CONVERSION = YES;
				GCC_WARN_ABOUT_RETURN_TYPE = YES_ERROR;
				GCC_WARN_UNDECLARED_SELECTOR = YES;
				GCC_WARN_UNINITIALIZED_AUTOS = YES_AGGRESSIVE;
				GCC_WARN_UNUSED_FUNCTION = YES;
				GCC_WARN_UNUSED_VARIABLE = YES;
				LOCALIZATION_PREFERS_STRING_CATALOGS = YES;
				MTL_ENABLE_DEBUG_INFO = NO;
				MTL_FAST_MATH = YES;
				SWIFT_COMPILATION_MODE = wholemodule;
			};
			name = Release;
		};
		6334D2082B33B4B600E9D8DE /* Debug */ = {
			isa = XCBuildConfiguration;
			buildSettings = {
				ASSETCATALOG_COMPILER_APPICON_NAME = AppIcon;
				ASSETCATALOG_COMPILER_GLOBAL_ACCENT_COLOR_NAME = AccentColor;
				CODE_SIGN_ENTITLEMENTS = App/Test.entitlements;
				CODE_SIGN_STYLE = Automatic;
				CURRENT_PROJECT_VERSION = 1;
				DEAD_CODE_STRIPPING = YES;
				DEVELOPMENT_ASSET_PATHS = "\"App/Preview Content\"";
				ENABLE_PREVIEWS = YES;
				GENERATE_INFOPLIST_FILE = YES;
				"INFOPLIST_KEY_UIApplicationSceneManifest_Generation[sdk=iphoneos*]" = YES;
				"INFOPLIST_KEY_UIApplicationSceneManifest_Generation[sdk=iphonesimulator*]" = YES;
				"INFOPLIST_KEY_UIApplicationSupportsIndirectInputEvents[sdk=iphoneos*]" = YES;
				"INFOPLIST_KEY_UIApplicationSupportsIndirectInputEvents[sdk=iphonesimulator*]" = YES;
				"INFOPLIST_KEY_UILaunchScreen_Generation[sdk=iphoneos*]" = YES;
				"INFOPLIST_KEY_UILaunchScreen_Generation[sdk=iphonesimulator*]" = YES;
				"INFOPLIST_KEY_UIStatusBarStyle[sdk=iphoneos*]" = UIStatusBarStyleDefault;
				"INFOPLIST_KEY_UIStatusBarStyle[sdk=iphonesimulator*]" = UIStatusBarStyleDefault;
				INFOPLIST_KEY_UISupportedInterfaceOrientations_iPad = "UIInterfaceOrientationPortrait UIInterfaceOrientationPortraitUpsideDown UIInterfaceOrientationLandscapeLeft UIInterfaceOrientationLandscapeRight";
				INFOPLIST_KEY_UISupportedInterfaceOrientations_iPhone = "UIInterfaceOrientationPortrait UIInterfaceOrientationLandscapeLeft UIInterfaceOrientationLandscapeRight";
				IPHONEOS_DEPLOYMENT_TARGET = 17.0;
				LD_RUNPATH_SEARCH_PATHS = "@executable_path/Frameworks";
				"LD_RUNPATH_SEARCH_PATHS[sdk=macosx*]" = "@executable_path/../Frameworks";
				MACOSX_DEPLOYMENT_TARGET = 14.0;
				MARKETING_VERSION = 1.0;
				PRODUCT_BUNDLE_IDENTIFIER = at.davidwalter.EmojiText.Test;
				PRODUCT_NAME = "$(TARGET_NAME)";
				SDKROOT = auto;
				SUPPORTED_PLATFORMS = "iphoneos iphonesimulator macosx xros xrsimulator";
				SUPPORTS_MACCATALYST = NO;
				SWIFT_EMIT_LOC_STRINGS = YES;
				SWIFT_VERSION = 5.0;
				TARGETED_DEVICE_FAMILY = "1,2,7";
			};
			name = Debug;
		};
		6334D2092B33B4B600E9D8DE /* Release */ = {
			isa = XCBuildConfiguration;
			buildSettings = {
				ASSETCATALOG_COMPILER_APPICON_NAME = AppIcon;
				ASSETCATALOG_COMPILER_GLOBAL_ACCENT_COLOR_NAME = AccentColor;
				CODE_SIGN_ENTITLEMENTS = App/Test.entitlements;
				CODE_SIGN_STYLE = Automatic;
				CURRENT_PROJECT_VERSION = 1;
				DEAD_CODE_STRIPPING = YES;
				DEVELOPMENT_ASSET_PATHS = "\"App/Preview Content\"";
				ENABLE_PREVIEWS = YES;
				GENERATE_INFOPLIST_FILE = YES;
				"INFOPLIST_KEY_UIApplicationSceneManifest_Generation[sdk=iphoneos*]" = YES;
				"INFOPLIST_KEY_UIApplicationSceneManifest_Generation[sdk=iphonesimulator*]" = YES;
				"INFOPLIST_KEY_UIApplicationSupportsIndirectInputEvents[sdk=iphoneos*]" = YES;
				"INFOPLIST_KEY_UIApplicationSupportsIndirectInputEvents[sdk=iphonesimulator*]" = YES;
				"INFOPLIST_KEY_UILaunchScreen_Generation[sdk=iphoneos*]" = YES;
				"INFOPLIST_KEY_UILaunchScreen_Generation[sdk=iphonesimulator*]" = YES;
				"INFOPLIST_KEY_UIStatusBarStyle[sdk=iphoneos*]" = UIStatusBarStyleDefault;
				"INFOPLIST_KEY_UIStatusBarStyle[sdk=iphonesimulator*]" = UIStatusBarStyleDefault;
				INFOPLIST_KEY_UISupportedInterfaceOrientations_iPad = "UIInterfaceOrientationPortrait UIInterfaceOrientationPortraitUpsideDown UIInterfaceOrientationLandscapeLeft UIInterfaceOrientationLandscapeRight";
				INFOPLIST_KEY_UISupportedInterfaceOrientations_iPhone = "UIInterfaceOrientationPortrait UIInterfaceOrientationLandscapeLeft UIInterfaceOrientationLandscapeRight";
				IPHONEOS_DEPLOYMENT_TARGET = 17.0;
				LD_RUNPATH_SEARCH_PATHS = "@executable_path/Frameworks";
				"LD_RUNPATH_SEARCH_PATHS[sdk=macosx*]" = "@executable_path/../Frameworks";
				MACOSX_DEPLOYMENT_TARGET = 14.0;
				MARKETING_VERSION = 1.0;
				PRODUCT_BUNDLE_IDENTIFIER = at.davidwalter.EmojiText.Test;
				PRODUCT_NAME = "$(TARGET_NAME)";
				SDKROOT = auto;
				SUPPORTED_PLATFORMS = "iphoneos iphonesimulator macosx xros xrsimulator";
				SUPPORTS_MACCATALYST = NO;
				SWIFT_EMIT_LOC_STRINGS = YES;
				SWIFT_VERSION = 5.0;
				TARGETED_DEVICE_FAMILY = "1,2,7";
			};
			name = Release;
		};
		6334D20B2B33B4B600E9D8DE /* Debug */ = {
			isa = XCBuildConfiguration;
			buildSettings = {
				ALWAYS_EMBED_SWIFT_STANDARD_LIBRARIES = YES;
				BUNDLE_LOADER = "$(TEST_HOST)";
				CLANG_ENABLE_MODULES = YES;
				CODE_SIGN_STYLE = Automatic;
				CURRENT_PROJECT_VERSION = 1;
				DEAD_CODE_STRIPPING = YES;
				GENERATE_INFOPLIST_FILE = YES;
				IPHONEOS_DEPLOYMENT_TARGET = 17.2;
				MACOSX_DEPLOYMENT_TARGET = 14.2;
				MARKETING_VERSION = 1.0;
				PRODUCT_BUNDLE_IDENTIFIER = at.davidwalter.EmojiText.SnapshotTests;
				PRODUCT_NAME = "$(TARGET_NAME)";
				SDKROOT = auto;
				SUPPORTED_PLATFORMS = "iphoneos iphonesimulator macosx";
				SWIFT_EMIT_LOC_STRINGS = NO;
				SWIFT_OPTIMIZATION_LEVEL = "-Onone";
				SWIFT_STRICT_CONCURRENCY = complete;
				SWIFT_VERSION = 5.0;
				TARGETED_DEVICE_FAMILY = "1,2";
				TEST_HOST = "$(BUILT_PRODUCTS_DIR)/Test.app/$(BUNDLE_EXECUTABLE_FOLDER_PATH)/Test";
			};
			name = Debug;
		};
		6334D20C2B33B4B600E9D8DE /* Release */ = {
			isa = XCBuildConfiguration;
			buildSettings = {
				ALWAYS_EMBED_SWIFT_STANDARD_LIBRARIES = YES;
				BUNDLE_LOADER = "$(TEST_HOST)";
				CLANG_ENABLE_MODULES = YES;
				CODE_SIGN_STYLE = Automatic;
				CURRENT_PROJECT_VERSION = 1;
				DEAD_CODE_STRIPPING = YES;
				GENERATE_INFOPLIST_FILE = YES;
				IPHONEOS_DEPLOYMENT_TARGET = 17.2;
				MACOSX_DEPLOYMENT_TARGET = 14.2;
				MARKETING_VERSION = 1.0;
				PRODUCT_BUNDLE_IDENTIFIER = at.davidwalter.EmojiText.SnapshotTests;
				PRODUCT_NAME = "$(TARGET_NAME)";
				SDKROOT = auto;
				SUPPORTED_PLATFORMS = "iphoneos iphonesimulator macosx";
				SWIFT_EMIT_LOC_STRINGS = NO;
				SWIFT_STRICT_CONCURRENCY = complete;
				SWIFT_VERSION = 5.0;
				TARGETED_DEVICE_FAMILY = "1,2";
				TEST_HOST = "$(BUILT_PRODUCTS_DIR)/Test.app/$(BUNDLE_EXECUTABLE_FOLDER_PATH)/Test";
			};
			name = Release;
		};
/* End XCBuildConfiguration section */

/* Begin XCConfigurationList section */
		6334D1DD2B33B4B500E9D8DE /* Build configuration list for PBXProject "Test" */ = {
			isa = XCConfigurationList;
			buildConfigurations = (
				6334D2052B33B4B600E9D8DE /* Debug */,
				6334D2062B33B4B600E9D8DE /* Release */,
			);
			defaultConfigurationIsVisible = 0;
			defaultConfigurationName = Release;
		};
		6334D2072B33B4B600E9D8DE /* Build configuration list for PBXNativeTarget "Test" */ = {
			isa = XCConfigurationList;
			buildConfigurations = (
				6334D2082B33B4B600E9D8DE /* Debug */,
				6334D2092B33B4B600E9D8DE /* Release */,
			);
			defaultConfigurationIsVisible = 0;
			defaultConfigurationName = Release;
		};
		6334D20A2B33B4B600E9D8DE /* Build configuration list for PBXNativeTarget "SnapshotTests" */ = {
			isa = XCConfigurationList;
			buildConfigurations = (
				6334D20B2B33B4B600E9D8DE /* Debug */,
				6334D20C2B33B4B600E9D8DE /* Release */,
			);
			defaultConfigurationIsVisible = 0;
			defaultConfigurationName = Release;
		};
/* End XCConfigurationList section */

/* Begin XCLocalSwiftPackageReference section */
		6334D2192B33B51B00E9D8DE /* XCLocalSwiftPackageReference ".." */ = {
			isa = XCLocalSwiftPackageReference;
			relativePath = ..;
		};
/* End XCLocalSwiftPackageReference section */

/* Begin XCRemoteSwiftPackageReference section */
		6334D2102B33B4DF00E9D8DE /* XCRemoteSwiftPackageReference "swift-snapshot-testing" */ = {
			isa = XCRemoteSwiftPackageReference;
			repositoryURL = "https://github.com/pointfreeco/swift-snapshot-testing";
			requirement = {
				branch = async;
				kind = branch;
			};
		};
		6334D2372B33B7AC00E9D8DE /* XCRemoteSwiftPackageReference "GraphicsRenderer" */ = {
			isa = XCRemoteSwiftPackageReference;
			repositoryURL = "https://github.com/shaps80/GraphicsRenderer";
			requirement = {
				kind = upToNextMajorVersion;
				minimumVersion = 1.4.4;
			};
		};
		635336692B6852B5004E4DD2 /* XCRemoteSwiftPackageReference "HTML2Markdown" */ = {
			isa = XCRemoteSwiftPackageReference;
			repositoryURL = "git@github.com:divadretlaw/HTML2Markdown.git";
			requirement = {
				kind = upToNextMajorVersion;
				minimumVersion = 3.0.2;
			};
		};
/* End XCRemoteSwiftPackageReference section */

/* Begin XCSwiftPackageProductDependency section */
		631ECE582B6F933B0051E3CB /* GraphicsRenderer */ = {
			isa = XCSwiftPackageProductDependency;
			package = 6334D2372B33B7AC00E9D8DE /* XCRemoteSwiftPackageReference "GraphicsRenderer" */;
			productName = GraphicsRenderer;
		};
		6334D2112B33B4DF00E9D8DE /* SnapshotTesting */ = {
			isa = XCSwiftPackageProductDependency;
			package = 6334D2102B33B4DF00E9D8DE /* XCRemoteSwiftPackageReference "swift-snapshot-testing" */;
			productName = SnapshotTesting;
		};
		6334D21A2B33B51B00E9D8DE /* EmojiText */ = {
			isa = XCSwiftPackageProductDependency;
			productName = EmojiText;
		};
		6353366A2B6852B5004E4DD2 /* HTML2Markdown */ = {
			isa = XCSwiftPackageProductDependency;
			package = 635336692B6852B5004E4DD2 /* XCRemoteSwiftPackageReference "HTML2Markdown" */;
			productName = HTML2Markdown;
		};
/* End XCSwiftPackageProductDependency section */
	};
	rootObject = 6334D1DA2B33B4B500E9D8DE /* Project object */;
}
